# THIS IS AN AUTOGENERATED FILE. DO NOT EDIT THIS FILE DIRECTLY.
# yarn lockfile v1


"@prisma/engines@5.2.0":
  version "5.2.0"
  resolved "https://registry.yarnpkg.com/@prisma/engines/-/engines-5.2.0.tgz#e5dff48eb324c8137393933292d44ea5c3bc2ce7"
  integrity sha512-dT7FOLUCdZmq+AunLqB1Iz+ZH/IIS1Fz2THmKZQ6aFONrQD/BQ5ecJ7g2wGS2OgyUFf4OaLam6/bxmgdOBDqig==

prisma@^5.2.0:
  version "5.2.0"
  resolved "https://registry.yarnpkg.com/prisma/-/prisma-5.2.0.tgz#a302dc2635cdec1d22d552ece837fb29a03563b9"
  integrity sha512-FfFlpjVCkZwrqxDnP4smlNYSH1so+CbfjgdpioFzGGqlQAEm6VHAYSzV7jJgC3ebtY9dNOhDMS2+4/1DDSM7bQ==
  dependencies:
    "@prisma/engines" "5.2.0"
