# THIS IS AN AUTOGENERATED FILE. DO NOT EDIT THIS FILE DIRECTLY.
# yarn lockfile v1


"@prisma/client@^5.2.0":
  version "5.2.0"
  resolved "https://registry.yarnpkg.com/@prisma/client/-/client-5.2.0.tgz#cbfdd440614b38736563a7999f39922fcde0ed50"
  integrity sha512-AiTjJwR4J5Rh6Z/9ZKrBBLel3/5DzUNntMohOy7yObVnVoTNVFi2kvpLZlFuKO50d7yDspOtW6XBpiAd0BVXbQ==
  dependencies:
    "@prisma/engines-version" "5.2.0-25.2804dc98259d2ea960602aca6b8e7fdc03c1758f"

"@prisma/engines-version@5.2.0-25.2804dc98259d2ea960602aca6b8e7fdc03c1758f":
  version "5.2.0-25.2804dc98259d2ea960602aca6b8e7fdc03c1758f"
  resolved "https://registry.npmjs.org/@prisma/engines-version/-/engines-version-5.2.0-25.2804dc98259d2ea960602aca6b8e7fdc03c1758f.tgz"
  integrity sha512-jsnKT5JIDIE01lAeCj2ghY9IwxkedhKNvxQeoyLs6dr4ZXynetD0vTy7u6wMJt8vVPv8I5DPy/I4CFaoXAgbtg==

"@prisma/engines@5.2.0":
  version "5.2.0"
  resolved "https://registry.yarnpkg.com/@prisma/engines/-/engines-5.2.0.tgz#e5dff48eb324c8137393933292d44ea5c3bc2ce7"
  integrity sha512-dT7FOLUCdZmq+AunLqB1Iz+ZH/IIS1Fz2THmKZQ6aFONrQD/BQ5ecJ7g2wGS2OgyUFf4OaLam6/bxmgdOBDqig==

cors@^2.8.5:
  version "2.8.5"
  resolved "https://registry.yarnpkg.com/cors/-/cors-2.8.5.tgz#eac11da51592dd86b9f06f6e7ac293b3df875d29"
  integrity sha512-KIHbLJqu73RGr/hnbrO9uBeixNGuvSQjul/jdFvS/KFSIH1hWVd1ng7zOHx+YrEfInLG7q4n6GHQ9cDtxv/P6g==
  dependencies:
    object-assign "^4"
    vary "^1"

object-assign@^4:
  version "4.1.1"
  resolved "https://registry.yarnpkg.com/object-assign/-/object-assign-4.1.1.tgz#2109adc7965887cfc05cbbd442cac8bfbb360863"
  integrity sha512-rJgTQnkUnH1sFw8yT6VSU3zD3sWmu6sZhIseY8VX+GRu3P6F7Fu+JNDoXfklElbLJSnc3FUQHVe4cU5hj+BcUg==

prisma@^5.2.0:
  version "5.2.0"
  resolved "https://registry.yarnpkg.com/prisma/-/prisma-5.2.0.tgz#a302dc2635cdec1d22d552ece837fb29a03563b9"
  integrity sha512-FfFlpjVCkZwrqxDnP4smlNYSH1so+CbfjgdpioFzGGqlQAEm6VHAYSzV7jJgC3ebtY9dNOhDMS2+4/1DDSM7bQ==
  dependencies:
    "@prisma/engines" "5.2.0"

vary@^1:
  version "1.1.2"
  resolved "https://registry.yarnpkg.com/vary/-/vary-1.1.2.tgz#2299f02c6ded30d4a5961b0b9f74524a18f634fc"
  integrity sha512-BNGbWLfd0eUPabhkXUVm0j8uuvREyTh5ovRa/dyow/BqAbZJyC+5fU+IzQOzmAKzYqYRAISoRhdQr3eIZ/PXqg==
